
Microsoft Visual Studio Solution File, Format Version 12.00
# Visual Studio 14
VisualStudioVersion = 14.0.24720.0
MinimumVisualStudioVersion = 10.0.40219.1
Project("{FAE04EC0-301F-11D3-BF4B-00C04F79EFBC}") = "Odrabianie", "Odrabianie\Odrabianie.csproj", "{43253E51-D22F-4978-B0E4-ECC477D2B497}"
EndProject
Global
	GlobalSection(SolutionConfigurationPlatforms) = preSolution
		Debug|Any CPU = Debug|Any CPU
		Release|Any CPU = Release|Any CPU
	EndGlobalSection
	GlobalSection(ProjectConfigurationPlatforms) = postSolution
		{43253E51-D22F-4978-B0E4-ECC477D2B497}.Debug|Any CPU.ActiveCfg = Debug|Any CPU
		{43253E51-D22F-4978-B0E4-ECC477D2B497}.Debug|Any CPU.Build.0 = Debug|Any CPU
		{43253E51-D22F-4978-B0E4-ECC477D2B497}.Release|Any CPU.ActiveCfg = Release|Any CPU
		{43253E51-D22F-4978-B0E4-ECC477D2B497}.Release|Any CPU.Build.0 = Release|Any CPU
	EndGlobalSection
	GlobalSection(SolutionProperties) = preSolution
		HideSolutionNode = FALSE
	EndGlobalSection
EndGlobal
